
Microsoft Visual Studio Solution File, Format Version 12.00
# Visual Studio Version 17
VisualStudioVersion = 17.5.33103.201
MinimumVisualStudioVersion = 10.0.40219.1
Project("{9A19103F-16F7-4668-BE54-9A1E7A4F7556}") = "XMagnetSearch.UI", "XMagnetSearch.UI\XMagnetSearch.UI.csproj", "{4D959911-3FCA-43EB-8A90-FDFCA4B8298E}"
	ProjectSection(ProjectDependencies) = postProject
		{285C04E3-09BE-4DD6-9307-DDDDFA1D76F6} = {285C04E3-09BE-4DD6-9307-DDDDFA1D76F6}
		{32B85004-7E32-4943-BD63-87ED1B64FC1A} = {32B85004-7E32-4943-BD63-87ED1B64FC1A}
		{366D838D-E461-4597-8B37-C15C9C696F5C} = {366D838D-E461-4597-8B37-C15C9C696F5C}
		{374BD63C-8A20-4E81-BEE1-C435EC00C555} = {374BD63C-8A20-4E81-BEE1-C435EC00C555}
		{474A0898-FFE2-4A9D-9A3F-72EFE1A22803} = {474A0898-FFE2-4A9D-9A3F-72EFE1A22803}
		{50E93C8F-0460-4351-93AD-C3D273F163E9} = {50E93C8F-0460-4351-93AD-C3D273F163E9}
		{71834B02-BEBF-4075-B5D2-886AEC03DF38} = {71834B02-BEBF-4075-B5D2-886AEC03DF38}
		{D74C0BA1-42E5-4251-94F4-9B1E0884730A} = {D74C0BA1-42E5-4251-94F4-9B1E0884730A}
	EndProjectSection
EndProject
Project("{2150E333-8FDC-42A3-9474-1A3956D46DE8}") = "XMagnetSearch.Plugin", "XMagnetSearch.Plugin", "{5C993896-3009-4654-B301-D5D621D07F5E}"
EndProject
Project("{9A19103F-16F7-4668-BE54-9A1E7A4F7556}") = "XMagnetSearch.Resources", "XMagnetSearch.Resources\XMagnetSearch.Resources.csproj", "{FC01C84A-5B1B-4F1D-826A-5BF4B2D23240}"
EndProject
Project("{9A19103F-16F7-4668-BE54-9A1E7A4F7556}") = "XMagnetSearch.ISearch", "XMagnetSearch.ISearch\XMagnetSearch.ISearch.csproj", "{629DF66D-E4BE-41B9-8C0E-6D04F626D4A3}"
EndProject
Project("{9A19103F-16F7-4668-BE54-9A1E7A4F7556}") = "XMagnetSearch.BTSOW", "XMagnetSearch.Plugin\XMagnetSearch.BTSOW\XMagnetSearch.BTSOW.csproj", "{D74C0BA1-42E5-4251-94F4-9B1E0884730A}"
EndProject
Project("{9A19103F-16F7-4668-BE54-9A1E7A4F7556}") = "XMagnetSearch.EUSJ", "XMagnetSearch.Plugin\XMagnetSearch.EUSJ\XMagnetSearch.EUSJ.csproj", "{474A0898-FFE2-4A9D-9A3F-72EFE1A22803}"
EndProject
Project("{9A19103F-16F7-4668-BE54-9A1E7A4F7556}") = "XMagnetSearch.FITACG", "XMagnetSearch.Plugin\XMagnetSearch.FITACG\XMagnetSearch.FITACG.csproj", "{285C04E3-09BE-4DD6-9307-DDDDFA1D76F6}"
EndProject
Project("{9A19103F-16F7-4668-BE54-9A1E7A4F7556}") = "XMagnetSearch.SOKK", "XMagnetSearch.Plugin\XMagnetSearch.SOKK\XMagnetSearch.SOKK.csproj", "{374BD63C-8A20-4E81-BEE1-C435EC00C555}"
EndProject
Project("{9A19103F-16F7-4668-BE54-9A1E7A4F7556}") = "XMagnetSearch.ZhongZiSo", "XMagnetSearch.Plugin\XMagnetSearch.ZhongZiSo\XMagnetSearch.ZhongZiSo.csproj", "{71834B02-BEBF-4075-B5D2-886AEC03DF38}"
EndProject
Project("{9A19103F-16F7-4668-BE54-9A1E7A4F7556}") = "XMagnetSearch.SoFan", "XMagnetSearch.Plugin\XMagnetSearch.SoFan\XMagnetSearch.SoFan.csproj", "{32B85004-7E32-4943-BD63-87ED1B64FC1A}"
EndProject
Project("{9A19103F-16F7-4668-BE54-9A1E7A4F7556}") = "XMagnetSearch.BTLM", "XMagnetSearch.Plugin\XMagnetSearch.BTLM\XMagnetSearch.BTLM.csproj", "{50E93C8F-0460-4351-93AD-C3D273F163E9}"
EndProject
Project("{FAE04EC0-301F-11D3-BF4B-00C04F79EFBC}") = "XMagnetSearch.CLX", "XMagnetSearch.Plugin\XMagnetSearch.CLX\XMagnetSearch.CLX.csproj", "{366D838D-E461-4597-8B37-C15C9C696F5C}"
EndProject
Global
	GlobalSection(SolutionConfigurationPlatforms) = preSolution
		Debug|Any CPU = Debug|Any CPU
		Release|Any CPU = Release|Any CPU
	EndGlobalSection
	GlobalSection(ProjectConfigurationPlatforms) = postSolution
		{4D959911-3FCA-43EB-8A90-FDFCA4B8298E}.Debug|Any CPU.ActiveCfg = Debug|Any CPU
		{4D959911-3FCA-43EB-8A90-FDFCA4B8298E}.Debug|Any CPU.Build.0 = Debug|Any CPU
		{4D959911-3FCA-43EB-8A90-FDFCA4B8298E}.Release|Any CPU.ActiveCfg = Release|Any CPU
		{4D959911-3FCA-43EB-8A90-FDFCA4B8298E}.Release|Any CPU.Build.0 = Release|Any CPU
		{FC01C84A-5B1B-4F1D-826A-5BF4B2D23240}.Debug|Any CPU.ActiveCfg = Debug|Any CPU
		{FC01C84A-5B1B-4F1D-826A-5BF4B2D23240}.Debug|Any CPU.Build.0 = Debug|Any CPU
		{FC01C84A-5B1B-4F1D-826A-5BF4B2D23240}.Release|Any CPU.ActiveCfg = Release|Any CPU
		{FC01C84A-5B1B-4F1D-826A-5BF4B2D23240}.Release|Any CPU.Build.0 = Release|Any CPU
		{629DF66D-E4BE-41B9-8C0E-6D04F626D4A3}.Debug|Any CPU.ActiveCfg = Debug|Any CPU
		{629DF66D-E4BE-41B9-8C0E-6D04F626D4A3}.Debug|Any CPU.Build.0 = Debug|Any CPU
		{629DF66D-E4BE-41B9-8C0E-6D04F626D4A3}.Release|Any CPU.ActiveCfg = Release|Any CPU
		{629DF66D-E4BE-41B9-8C0E-6D04F626D4A3}.Release|Any CPU.Build.0 = Release|Any CPU
		{D74C0BA1-42E5-4251-94F4-9B1E0884730A}.Debug|Any CPU.ActiveCfg = Debug|Any CPU
		{D74C0BA1-42E5-4251-94F4-9B1E0884730A}.Debug|Any CPU.Build.0 = Debug|Any CPU
		{D74C0BA1-42E5-4251-94F4-9B1E0884730A}.Release|Any CPU.ActiveCfg = Release|Any CPU
		{D74C0BA1-42E5-4251-94F4-9B1E0884730A}.Release|Any CPU.Build.0 = Release|Any CPU
		{474A0898-FFE2-4A9D-9A3F-72EFE1A22803}.Debug|Any CPU.ActiveCfg = Debug|Any CPU
		{474A0898-FFE2-4A9D-9A3F-72EFE1A22803}.Debug|Any CPU.Build.0 = Debug|Any CPU
		{474A0898-FFE2-4A9D-9A3F-72EFE1A22803}.Release|Any CPU.ActiveCfg = Release|Any CPU
		{474A0898-FFE2-4A9D-9A3F-72EFE1A22803}.Release|Any CPU.Build.0 = Release|Any CPU
		{285C04E3-09BE-4DD6-9307-DDDDFA1D76F6}.Debug|Any CPU.ActiveCfg = Debug|Any CPU
		{285C04E3-09BE-4DD6-9307-DDDDFA1D76F6}.Debug|Any CPU.Build.0 = Debug|Any CPU
		{285C04E3-09BE-4DD6-9307-DDDDFA1D76F6}.Release|Any CPU.ActiveCfg = Release|Any CPU
		{285C04E3-09BE-4DD6-9307-DDDDFA1D76F6}.Release|Any CPU.Build.0 = Release|Any CPU
		{374BD63C-8A20-4E81-BEE1-C435EC00C555}.Debug|Any CPU.ActiveCfg = Debug|Any CPU
		{374BD63C-8A20-4E81-BEE1-C435EC00C555}.Debug|Any CPU.Build.0 = Debug|Any CPU
		{374BD63C-8A20-4E81-BEE1-C435EC00C555}.Release|Any CPU.ActiveCfg = Release|Any CPU
		{374BD63C-8A20-4E81-BEE1-C435EC00C555}.Release|Any CPU.Build.0 = Release|Any CPU
		{71834B02-BEBF-4075-B5D2-886AEC03DF38}.Debug|Any CPU.ActiveCfg = Debug|Any CPU
		{71834B02-BEBF-4075-B5D2-886AEC03DF38}.Debug|Any CPU.Build.0 = Debug|Any CPU
		{71834B02-BEBF-4075-B5D2-886AEC03DF38}.Release|Any CPU.ActiveCfg = Release|Any CPU
		{71834B02-BEBF-4075-B5D2-886AEC03DF38}.Release|Any CPU.Build.0 = Release|Any CPU
		{32B85004-7E32-4943-BD63-87ED1B64FC1A}.Debug|Any CPU.ActiveCfg = Debug|Any CPU
		{32B85004-7E32-4943-BD63-87ED1B64FC1A}.Debug|Any CPU.Build.0 = Debug|Any CPU
		{32B85004-7E32-4943-BD63-87ED1B64FC1A}.Release|Any CPU.ActiveCfg = Release|Any CPU
		{32B85004-7E32-4943-BD63-87ED1B64FC1A}.Release|Any CPU.Build.0 = Release|Any CPU
		{50E93C8F-0460-4351-93AD-C3D273F163E9}.Debug|Any CPU.ActiveCfg = Debug|Any CPU
		{50E93C8F-0460-4351-93AD-C3D273F163E9}.Debug|Any CPU.Build.0 = Debug|Any CPU
		{50E93C8F-0460-4351-93AD-C3D273F163E9}.Release|Any CPU.ActiveCfg = Release|Any CPU
		{50E93C8F-0460-4351-93AD-C3D273F163E9}.Release|Any CPU.Build.0 = Release|Any CPU
		{366D838D-E461-4597-8B37-C15C9C696F5C}.Debug|Any CPU.ActiveCfg = Debug|Any CPU
		{366D838D-E461-4597-8B37-C15C9C696F5C}.Debug|Any CPU.Build.0 = Debug|Any CPU
		{366D838D-E461-4597-8B37-C15C9C696F5C}.Release|Any CPU.ActiveCfg = Release|Any CPU
		{366D838D-E461-4597-8B37-C15C9C696F5C}.Release|Any CPU.Build.0 = Release|Any CPU
	EndGlobalSection
	GlobalSection(SolutionProperties) = preSolution
		HideSolutionNode = FALSE
	EndGlobalSection
	GlobalSection(NestedProjects) = preSolution
		{D74C0BA1-42E5-4251-94F4-9B1E0884730A} = {5C993896-3009-4654-B301-D5D621D07F5E}
		{474A0898-FFE2-4A9D-9A3F-72EFE1A22803} = {5C993896-3009-4654-B301-D5D621D07F5E}
		{285C04E3-09BE-4DD6-9307-DDDDFA1D76F6} = {5C993896-3009-4654-B301-D5D621D07F5E}
		{374BD63C-8A20-4E81-BEE1-C435EC00C555} = {5C993896-3009-4654-B301-D5D621D07F5E}
		{71834B02-BEBF-4075-B5D2-886AEC03DF38} = {5C993896-3009-4654-B301-D5D621D07F5E}
		{32B85004-7E32-4943-BD63-87ED1B64FC1A} = {5C993896-3009-4654-B301-D5D621D07F5E}
		{50E93C8F-0460-4351-93AD-C3D273F163E9} = {5C993896-3009-4654-B301-D5D621D07F5E}
		{366D838D-E461-4597-8B37-C15C9C696F5C} = {5C993896-3009-4654-B301-D5D621D07F5E}
	EndGlobalSection
	GlobalSection(ExtensibilityGlobals) = postSolution
		SolutionGuid = {D617A956-724E-44F8-B523-0FB92EC6D745}
	EndGlobalSection
EndGlobal
