
Microsoft Visual Studio Solution File, Format Version 12.00
# Visual Studio Version 17
VisualStudioVersion = 17.5.33103.201
MinimumVisualStudioVersion = 10.0.40219.1
Project("{FAE04EC0-301F-11D3-BF4B-00C04F79EFBC}") = "XMagnetSearch", "XMagnetSearch\XMagnetSearch.csproj", "{F2B2EA24-933A-4F66-A266-4B33314C15CE}"
EndProject
Global
	GlobalSection(SolutionConfigurationPlatforms) = preSolution
		Debug|Any CPU = Debug|Any CPU
		Release|Any CPU = Release|Any CPU
	EndGlobalSection
	GlobalSection(ProjectConfigurationPlatforms) = postSolution
		{F2B2EA24-933A-4F66-A266-4B33314C15CE}.Debug|Any CPU.ActiveCfg = Debug|Any CPU
		{F2B2EA24-933A-4F66-A266-4B33314C15CE}.Debug|Any CPU.Build.0 = Debug|Any CPU
		{F2B2EA24-933A-4F66-A266-4B33314C15CE}.Release|Any CPU.ActiveCfg = Release|Any CPU
		{F2B2EA24-933A-4F66-A266-4B33314C15CE}.Release|Any CPU.Build.0 = Release|Any CPU
	EndGlobalSection
	GlobalSection(SolutionProperties) = preSolution
		HideSolutionNode = FALSE
	EndGlobalSection
	GlobalSection(ExtensibilityGlobals) = postSolution
		SolutionGuid = {D617A956-724E-44F8-B523-0FB92EC6D745}
	EndGlobalSection
EndGlobal
